
Microsoft Visual Studio Solution File, Format Version 12.00
# Visual Studio 15
VisualStudioVersion = 15.0.27703.2047
MinimumVisualStudioVersion = 10.0.40219.1
Project("{FAE04EC0-301F-11D3-BF4B-00C04F79EFBC}") = "EcoplusDoctorSync", "EcoplusDoctorSync\EcoplusDoctorSync.csproj", "{2E807714-E0D6-479B-AE4E-10D5A308C4BE}"
EndProject
Global
	GlobalSection(SolutionConfigurationPlatforms) = preSolution
		Debug|Any CPU = Debug|Any CPU
		Release|Any CPU = Release|Any CPU
	EndGlobalSection
	GlobalSection(ProjectConfigurationPlatforms) = postSolution
		{2E807714-E0D6-479B-AE4E-10D5A308C4BE}.Debug|Any CPU.ActiveCfg = Debug|Any CPU
		{2E807714-E0D6-479B-AE4E-10D5A308C4BE}.Debug|Any CPU.Build.0 = Debug|Any CPU
		{2E807714-E0D6-479B-AE4E-10D5A308C4BE}.Release|Any CPU.ActiveCfg = Release|Any CPU
		{2E807714-E0D6-479B-AE4E-10D5A308C4BE}.Release|Any CPU.Build.0 = Release|Any CPU
	EndGlobalSection
	GlobalSection(SolutionProperties) = preSolution
		HideSolutionNode = FALSE
	EndGlobalSection
	GlobalSection(ExtensibilityGlobals) = postSolution
		SolutionGuid = {D473A184-AE57-4986-A4E1-512B6143E79A}
	EndGlobalSection
	GlobalSection(TeamFoundationVersionControl) = preSolution
		SccNumberOfProjects = 2
		SccEnterpriseProvider = {4CA58AB2-18FA-4F8D-95D4-32DDF27D184C}
		SccTeamFoundationServer = https://tesibrasil.visualstudio.com/
		SccLocalPath0 = .
		SccProjectUniqueName1 = EcoplusDoctorSync\\EcoplusDoctorSync.csproj
		SccProjectName1 = EcoplusDoctorSync
		SccLocalPath1 = EcoplusDoctorSync
	EndGlobalSection
EndGlobal
